<?xml version="1.0" encoding="utf-8"?>
<Project ToolsVersion="4.0" xmlns="http://schemas.microsoft.com/developer/msbuild/2003">
  <ItemGroup>
    <Filter Include="Source Files">
      <UniqueIdentifier>{4FC737F1-C7A5-4376-A066-2A32D752A2FF}</UniqueIdentifier>
      <Extensions>cpp;c;cc;cxx;def;odl;idl;hpj;bat;asm;asmx</Extensions>
    </Filter>
    <Filter Include="Header Files">
      <UniqueIdentifier>{93995380-89BD-4b04-88EB-625FBE52EBFB}</UniqueIdentifier>
      <Extensions>h;hpp;hxx;hm;inl;inc;xsd</Extensions>
    </Filter>
    <Filter Include="Resource Files">
      <UniqueIdentifier>{67DA6AB6-F800-4c08-8B7A-83BB121AAD01}</UniqueIdentifier>
      <Extensions>rc;ico;cur;bmp;dlg;rc2;rct;bin;rgs;gif;jpg;jpeg;jpe;resx;tiff;tif;png;wav;mfcribbon-ms</Extensions>
    </Filter>
    <Filter Include="Source Files\Engine">
      <UniqueIdentifier>{d69d5792-2cd9-4955-8269-8398524c7fb2}</UniqueIdentifier>
    </Filter>
    <Filter Include="Header Files\Engine">
      <UniqueIdentifier>{0d0962e1-bd8d-44c4-b7fa-1f981cc066f9}</UniqueIdentifier>
    </Filter>
    <Filter Include="Header Files\Input">
      <UniqueIdentifier>{58c789bf-5af2-4b33-a4d1-383672e5d653}</UniqueIdentifier>
    </Filter>
    <Filter Include="Header Files\GameState">
      <UniqueIdentifier>{0c2b0158-4227-4495-9e94-53f5f5eee54b}</UniqueIdentifier>
    </Filter>
    <Filter Include="Source Files\Input">
      <UniqueIdentifier>{b6e215ea-e70e-447a-b3bf-17bd10ddf709}</UniqueIdentifier>
    </Filter>
    <Filter Include="Source Files\GameState">
      <UniqueIdentifier>{a88162bc-9bf1-4a0e-8c8d-6885f6918868}</UniqueIdentifier>
    </Filter>
    <Filter Include="Header Files\Graphics">
      <UniqueIdentifier>{1b45ec30-5c4f-426c-9db2-ca4409d79e8b}</UniqueIdentifier>
    </Filter>
    <Filter Include="Source Files\Graphics">
      <UniqueIdentifier>{bd8d0842-98af-4ab8-8d39-0c99588ffae8}</UniqueIdentifier>
    </Filter>
    <Filter Include="Header Files\Physics2D">
      <UniqueIdentifier>{619fd3d1-2bab-40b1-b8e7-eee7be9b63a1}</UniqueIdentifier>
    </Filter>
    <Filter Include="Resources">
      <UniqueIdentifier>{439c919c-02a6-4aa2-a563-dbac84b2315f}</UniqueIdentifier>
    </Filter>
    <Filter Include="Resources\Levels">
      <UniqueIdentifier>{5b9f0a87-fe08-4ef0-996c-50d71d8c10e0}</UniqueIdentifier>
    </Filter>
    <Filter Include="Resources\Shaders">
      <UniqueIdentifier>{06286dad-66c8-44d7-ae49-fbad9da14bd3}</UniqueIdentifier>
    </Filter>
    <Filter Include="Source Files\Physics2D">
      <UniqueIdentifier>{7e076881-9d62-454b-820a-b1f52c66fcf4}</UniqueIdentifier>
    </Filter>
    <Filter Include="Header Files\Graphics\Sprites">
      <UniqueIdentifier>{0b0de12b-7519-4b63-9b13-a77e6dc377f4}</UniqueIdentifier>
    </Filter>
    <Filter Include="Source Files\Graphics\Sprites">
      <UniqueIdentifier>{ee8bd9bc-214b-4be4-b31a-123da9ed24db}</UniqueIdentifier>
    </Filter>
    <Filter Include="Header Files\GameComponents">
      <UniqueIdentifier>{77a16cf4-42d9-47c2-a879-6aa171e1b98e}</UniqueIdentifier>
    </Filter>
    <Filter Include="Source Files\GameComponents">
      <UniqueIdentifier>{4cfb3f6f-b0ef-43a3-bf14-c8172bc1d9be}</UniqueIdentifier>
    </Filter>
  </ItemGroup>
  <ItemGroup>
    <ClCompile Include="src\main.cpp">
      <Filter>Source Files</Filter>
    </ClCompile>
    <ClCompile Include="src\Engine\GameEngine.cpp">
      <Filter>Source Files\Engine</Filter>
    </ClCompile>
    <ClCompile Include="src\GameState\PlayState.cpp">
      <Filter>Source Files\GameState</Filter>
    </ClCompile>
    <ClCompile Include="src\Input\InputManager.cpp">
      <Filter>Source Files\Input</Filter>
    </ClCompile>
    <ClCompile Include="src\GameState\GameStateInfoBundle.cpp">
      <Filter>Source Files\GameState</Filter>
    </ClCompile>
    <ClCompile Include="src\Graphics\Shader.cpp">
      <Filter>Source Files\Graphics</Filter>
    </ClCompile>
    <ClCompile Include="src\Graphics\GraphicsManager.cpp">
      <Filter>Source Files\Graphics</Filter>
    </ClCompile>
    <ClCompile Include="src\Graphics\Sprites\Sprite.cpp">
      <Filter>Source Files\Graphics\Sprites</Filter>
    </ClCompile>
    <ClCompile Include="src\Graphics\Sprites\SpriteFactory.cpp">
      <Filter>Source Files\Graphics\Sprites</Filter>
    </ClCompile>
    <ClCompile Include="src\GameComponents\GameObject.cpp">
      <Filter>Source Files\GameComponents</Filter>
    </ClCompile>
    <ClCompile Include="src\Physics2D\AABBCollider2D.cpp">
      <Filter>Source Files\Physics2D</Filter>
    </ClCompile>
    <ClCompile Include="src\GameComponents\Block.cpp">
      <Filter>Source Files\GameComponents</Filter>
    </ClCompile>
    <ClCompile Include="src\GameComponents\Paddle.cpp">
      <Filter>Source Files\GameComponents</Filter>
    </ClCompile>
    <ClCompile Include="src\GameComponents\Ball.cpp">
      <Filter>Source Files</Filter>
    </ClCompile>
    <ClCompile Include="src\GameComponents\BlockManager.cpp">
      <Filter>Source Files\GameComponents</Filter>
    </ClCompile>
    <ClCompile Include="src\GameComponents\Blackhole.cpp">
      <Filter>Source Files\GameComponents</Filter>
    </ClCompile>
  </ItemGroup>
  <ItemGroup>
    <ClInclude Include="src\Engine\Engine.h">
      <Filter>Header Files\Engine</Filter>
    </ClInclude>
    <ClInclude Include="src\Engine\IGameEngine.h">
      <Filter>Header Files\Engine</Filter>
    </ClInclude>
    <ClInclude Include="src\Engine\GameEngine.h">
      <Filter>Header Files\Engine</Filter>
    </ClInclude>
    <ClInclude Include="src\Input\Input.h">
      <Filter>Header Files\Input</Filter>
    </ClInclude>
    <ClInclude Include="src\GameState\GameState.h">
      <Filter>Header Files\GameState</Filter>
    </ClInclude>
    <ClInclude Include="src\GameState\IGameState.h">
      <Filter>Header Files\GameState</Filter>
    </ClInclude>
    <ClInclude Include="src\GameState\IGameStateInfoBundle.h">
      <Filter>Header Files\GameState</Filter>
    </ClInclude>
    <ClInclude Include="src\GameState\PlayState.h">
      <Filter>Header Files\GameState</Filter>
    </ClInclude>
    <ClInclude Include="src\Input\InputManager.h">
      <Filter>Header Files\Input</Filter>
    </ClInclude>
    <ClInclude Include="src\Input\IInputManager.h">
      <Filter>Header Files\Input</Filter>
    </ClInclude>
    <ClInclude Include="src\GameState\GameStateInfoBundle.h">
      <Filter>Header Files\GameState</Filter>
    </ClInclude>
    <ClInclude Include="src\Graphics\Graphics.h">
      <Filter>Header Files\Graphics</Filter>
    </ClInclude>
    <ClInclude Include="src\Physics2D\Physics2D.h">
      <Filter>Header Files\Physics2D</Filter>
    </ClInclude>
    <ClInclude Include="src\Graphics\IGraphicsManager.h">
      <Filter>Header Files\Graphics</Filter>
    </ClInclude>
    <ClInclude Include="src\Graphics\GraphicalStructs.h">
      <Filter>Header Files\Graphics</Filter>
    </ClInclude>
    <ClInclude Include="src\Graphics\IShader.h">
      <Filter>Header Files\Graphics</Filter>
    </ClInclude>
    <ClInclude Include="src\Graphics\Shader.h">
      <Filter>Header Files\Graphics</Filter>
    </ClInclude>
    <ClInclude Include="src\Graphics\GraphicsManager.h">
      <Filter>Header Files\Graphics</Filter>
    </ClInclude>
    <ClInclude Include="src\Graphics\Sprites\ISpriteFactory.h">
      <Filter>Header Files\Graphics\Sprites</Filter>
    </ClInclude>
    <ClInclude Include="src\Graphics\Sprites\Sprite.h">
      <Filter>Header Files\Graphics\Sprites</Filter>
    </ClInclude>
    <ClInclude Include="src\Graphics\Sprites\ISprite.h">
      <Filter>Header Files\Graphics\Sprites</Filter>
    </ClInclude>
    <ClInclude Include="src\Graphics\Sprites\SpriteFactory.h">
      <Filter>Header Files\Graphics\Sprites</Filter>
    </ClInclude>
    <ClInclude Include="src\GameComponents\GameComponents.h">
      <Filter>Header Files\GameComponents</Filter>
    </ClInclude>
    <ClInclude Include="src\GameComponents\IGameObject.h">
      <Filter>Header Files\GameComponents</Filter>
    </ClInclude>
    <ClInclude Include="src\GameComponents\IBlock.h">
      <Filter>Header Files\GameComponents</Filter>
    </ClInclude>
    <ClInclude Include="src\GameComponents\GameObject.h">
      <Filter>Header Files\GameComponents</Filter>
    </ClInclude>
    <ClInclude Include="src\Physics2D\IAABBCollider2D.h">
      <Filter>Header Files\Physics2D</Filter>
    </ClInclude>
    <ClInclude Include="src\Physics2D\AABBCollider2D.h">
      <Filter>Header Files\Physics2D</Filter>
    </ClInclude>
    <ClInclude Include="src\GameComponents\Block.h">
      <Filter>Header Files\GameComponents</Filter>
    </ClInclude>
    <ClInclude Include="src\GameComponents\Paddle.h">
      <Filter>Header Files\GameComponents</Filter>
    </ClInclude>
    <ClInclude Include="src\GameComponents\Ball.h">
      <Filter>Header Files\GameComponents</Filter>
    </ClInclude>
    <ClInclude Include="src\GameComponents\BlockManager.h">
      <Filter>Header Files\GameComponents</Filter>
    </ClInclude>
    <ClInclude Include="src\GameComponents\IBlockManager.h">
      <Filter>Header Files\GameComponents</Filter>
    </ClInclude>
    <ClInclude Include="src\GameComponents\Blackhole.h">
      <Filter>Header Files\GameComponents</Filter>
    </ClInclude>
  </ItemGroup>
  <ItemGroup>
    <None Include="Resources\Shaders\simpleSpriteFrag.glsl">
      <Filter>Resources\Shaders</Filter>
    </None>
    <None Include="Resources\Shaders\simpleSpriteVert.glsl">
      <Filter>Resources\Shaders</Filter>
    </None>
    <None Include="Resources\Shaders\parallax3Frag.glsl">
      <Filter>Resources\Shaders</Filter>
    </None>
  </ItemGroup>
  <ItemGroup>
    <Text Include="Resources\Levels\level_0.txt">
      <Filter>Resources\Levels</Filter>
    </Text>
    <Text Include="Resources\Levels\level_1.txt">
      <Filter>Resources\Levels</Filter>
    </Text>
    <Text Include="Resources\Levels\level_2.txt">
      <Filter>Resources\Levels</Filter>
    </Text>
  </ItemGroup>
</Project>